
Microsoft Visual Studio Solution File, Format Version 12.00
# Visual Studio Version 17
VisualStudioVersion = 17.1.32328.378
MinimumVisualStudioVersion = 10.0.40219.1
Project("{FAE04EC0-301F-11D3-BF4B-00C04F79EFBC}") = "NETRPN", "NETRPN\NETRPN.csproj", "{2FDE7E2F-474A-43FF-B537-F5B56EE414DC}"
EndProject
Global
	GlobalSection(SolutionConfigurationPlatforms) = preSolution
		Debug|ARM = Debug|ARM
		Debug|ARM64 = Debug|ARM64
		Debug|x64 = Debug|x64
		Debug|x86 = Debug|x86
		Release|ARM = Release|ARM
		Release|ARM64 = Release|ARM64
		Release|x64 = Release|x64
		Release|x86 = Release|x86
	EndGlobalSection
	GlobalSection(ProjectConfigurationPlatforms) = postSolution
		{2FDE7E2F-474A-43FF-B537-F5B56EE414DC}.Debug|ARM.ActiveCfg = Debug|ARM
		{2FDE7E2F-474A-43FF-B537-F5B56EE414DC}.Debug|ARM.Build.0 = Debug|ARM
		{2FDE7E2F-474A-43FF-B537-F5B56EE414DC}.Debug|ARM.Deploy.0 = Debug|ARM
		{2FDE7E2F-474A-43FF-B537-F5B56EE414DC}.Debug|ARM64.ActiveCfg = Debug|ARM64
		{2FDE7E2F-474A-43FF-B537-F5B56EE414DC}.Debug|ARM64.Build.0 = Debug|ARM64
		{2FDE7E2F-474A-43FF-B537-F5B56EE414DC}.Debug|ARM64.Deploy.0 = Debug|ARM64
		{2FDE7E2F-474A-43FF-B537-F5B56EE414DC}.Debug|x64.ActiveCfg = Debug|x64
		{2FDE7E2F-474A-43FF-B537-F5B56EE414DC}.Debug|x64.Build.0 = Debug|x64
		{2FDE7E2F-474A-43FF-B537-F5B56EE414DC}.Debug|x64.Deploy.0 = Debug|x64
		{2FDE7E2F-474A-43FF-B537-F5B56EE414DC}.Debug|x86.ActiveCfg = Debug|x86
		{2FDE7E2F-474A-43FF-B537-F5B56EE414DC}.Debug|x86.Build.0 = Debug|x86
		{2FDE7E2F-474A-43FF-B537-F5B56EE414DC}.Debug|x86.Deploy.0 = Debug|x86
		{2FDE7E2F-474A-43FF-B537-F5B56EE414DC}.Release|ARM.ActiveCfg = Release|ARM
		{2FDE7E2F-474A-43FF-B537-F5B56EE414DC}.Release|ARM.Build.0 = Release|ARM
		{2FDE7E2F-474A-43FF-B537-F5B56EE414DC}.Release|ARM.Deploy.0 = Release|ARM
		{2FDE7E2F-474A-43FF-B537-F5B56EE414DC}.Release|ARM64.ActiveCfg = Release|ARM64
		{2FDE7E2F-474A-43FF-B537-F5B56EE414DC}.Release|ARM64.Build.0 = Release|ARM64
		{2FDE7E2F-474A-43FF-B537-F5B56EE414DC}.Release|ARM64.Deploy.0 = Release|ARM64
		{2FDE7E2F-474A-43FF-B537-F5B56EE414DC}.Release|x64.ActiveCfg = Release|x64
		{2FDE7E2F-474A-43FF-B537-F5B56EE414DC}.Release|x64.Build.0 = Release|x64
		{2FDE7E2F-474A-43FF-B537-F5B56EE414DC}.Release|x64.Deploy.0 = Release|x64
		{2FDE7E2F-474A-43FF-B537-F5B56EE414DC}.Release|x86.ActiveCfg = Release|x86
		{2FDE7E2F-474A-43FF-B537-F5B56EE414DC}.Release|x86.Build.0 = Release|x86
		{2FDE7E2F-474A-43FF-B537-F5B56EE414DC}.Release|x86.Deploy.0 = Release|x86
	EndGlobalSection
	GlobalSection(SolutionProperties) = preSolution
		HideSolutionNode = FALSE
	EndGlobalSection
	GlobalSection(ExtensibilityGlobals) = postSolution
		SolutionGuid = {E7309E3F-E462-41B5-93D9-9D3D021DF266}
	EndGlobalSection
EndGlobal
